<Project ToolsVersion="4.0" xmlns="http://schemas.microsoft.com/developer/msbuild/2003">
  <ItemGroup>
    <Filter Include="Source Files">
      <UniqueIdentifier>{4FC737F1-C7A5-4376-A066-2A32D752A2FF}</UniqueIdentifier>
      <Extensions>cpp;c;cc;cxx;def;odl;idl;hpj;bat;asm;asmx</Extensions>
    </Filter>
    <Filter Include="Header Files">
      <UniqueIdentifier>{93995380-89BD-4b04-88EB-625FBE52EBFB}</UniqueIdentifier>
      <Extensions>h;hpp;hxx;hm;inl;inc;xsd</Extensions>
    </Filter>
    <Filter Include="Resource Files">
      <UniqueIdentifier>{67DA6AB6-F800-4c08-8B7A-83BB121AAD01}</UniqueIdentifier>
      <Extensions>rc;ico;cur;bmp;dlg;rc2;rct;bin;rgs;gif;jpg;jpeg;jpe;resx;tiff;tif;png;wav</Extensions>
    </Filter>
    <Filter Include="Blocks">
      <UniqueIdentifier>{6B52560E-422F-4D78-85EF-BEDE6530F747}</UniqueIdentifier>
    </Filter>
    <Filter Include="Blocks\Sprite">
      <UniqueIdentifier>{90E11CEF-A751-4A43-BCD3-A263BDF93AD9}</UniqueIdentifier>
    </Filter>
    <Filter Include="Blocks\Sprite\src">
      <UniqueIdentifier>{6D95F540-C999-4DC8-B5CF-441A1EE6A734}</UniqueIdentifier>
    </Filter>
  </ItemGroup>
  <ItemGroup>
    <ClCompile Include="..\src\SpriteDemoApp.cpp">
      <Filter>Source Files</Filter>
    </ClCompile>
    <ClCompile Include="..\src\SpriteDemoApp.cpp">
      <Filter>Source Files</Filter>
    </ClCompile>
    <ClInclude Include="..\include\Resources.h">
      <Filter>Header Files</Filter>
    </ClInclude>
    <ClInclude Include="..\..\..\src\Sprite.h">
      <Filter>Blocks\Sprite\src</Filter>
    </ClInclude>
    <ClInclude Include="..\..\..\src\TextureProvider.h">
      <Filter>Blocks\Sprite\src</Filter>
    </ClInclude>
    <ClInclude Include="..\..\..\src\TextureResizer.h">
      <Filter>Blocks\Sprite\src</Filter>
    </ClInclude>
    <ClCompile Include="..\..\..\src\Sprite.cpp">
      <Filter>Blocks\Sprite\src</Filter>
    </ClCompile>
    <ClCompile Include="..\..\..\src\TextureProvider.cpp">
      <Filter>Blocks\Sprite\src</Filter>
    </ClCompile>
    <ClCompile Include="..\..\..\src\TextureResizer.cpp">
      <Filter>Blocks\Sprite\src</Filter>
    </ClCompile>
  </ItemGroup>
  <ItemGroup>
    <ClInclude Include="..\include\Resources.h">
      <Filter>Header Files</Filter>
    </ClInclude>
  </ItemGroup>
  <ItemGroup>
    <ResourceCompile Include="Resources.rc">
      <Filter>Resource Files</Filter>
    </ResourceCompile>
  </ItemGroup>
</Project>
